
Microsoft Visual Studio Solution File, Format Version 12.00
# Visual Studio 15
VisualStudioVersion = 15.0.27130.2036
MinimumVisualStudioVersion = 10.0.40219.1
Project("{FAE04EC0-301F-11D3-BF4B-00C04F79EFBC}") = "Queue", "Queue\Queue.csproj", "{FDAFA516-3BD0-48F9-8C70-F86724BA3FA5}"
EndProject
Project("{FAE04EC0-301F-11D3-BF4B-00C04F79EFBC}") = "palindrome", "ConsoleApp1\palindrome.csproj", "{3BA2BD6C-3888-442E-A1C2-FBD620740087}"
EndProject
Global
	GlobalSection(SolutionConfigurationPlatforms) = preSolution
		Debug|Any CPU = Debug|Any CPU
		Release|Any CPU = Release|Any CPU
	EndGlobalSection
	GlobalSection(ProjectConfigurationPlatforms) = postSolution
		{FDAFA516-3BD0-48F9-8C70-F86724BA3FA5}.Debug|Any CPU.ActiveCfg = Debug|Any CPU
		{FDAFA516-3BD0-48F9-8C70-F86724BA3FA5}.Debug|Any CPU.Build.0 = Debug|Any CPU
		{FDAFA516-3BD0-48F9-8C70-F86724BA3FA5}.Release|Any CPU.ActiveCfg = Release|Any CPU
		{FDAFA516-3BD0-48F9-8C70-F86724BA3FA5}.Release|Any CPU.Build.0 = Release|Any CPU
		{3BA2BD6C-3888-442E-A1C2-FBD620740087}.Debug|Any CPU.ActiveCfg = Debug|Any CPU
		{3BA2BD6C-3888-442E-A1C2-FBD620740087}.Debug|Any CPU.Build.0 = Debug|Any CPU
		{3BA2BD6C-3888-442E-A1C2-FBD620740087}.Release|Any CPU.ActiveCfg = Release|Any CPU
		{3BA2BD6C-3888-442E-A1C2-FBD620740087}.Release|Any CPU.Build.0 = Release|Any CPU
	EndGlobalSection
	GlobalSection(SolutionProperties) = preSolution
		HideSolutionNode = FALSE
	EndGlobalSection
	GlobalSection(ExtensibilityGlobals) = postSolution
		SolutionGuid = {E6F3E7AF-9010-4FA7-8A6C-93580EBC7364}
	EndGlobalSection
EndGlobal
